
Microsoft Visual Studio Solution File, Format Version 12.00
# Visual Studio 15
VisualStudioVersion = 15.0.27130.2036
MinimumVisualStudioVersion = 10.0.40219.1
Project("{8BC9CEB8-8B4A-11D0-8D11-00A0C91BC942}") = "Editor", "Editor.vcxproj", "{416FABE9-C680-416E-ACDE-48DABA136569}"
EndProject
Project("{8BC9CEB8-8B4A-11D0-8D11-00A0C91BC942}") = "Utility", "Utility.vcxproj", "{54BC4B7A-C085-4715-939F-157894EEA32C}"
EndProject
Project("{8BC9CEB8-8B4A-11D0-8D11-00A0C91BC942}") = "3rdParty_ImGui", "ThirdParty\imgui-1.53-ca39070\3rdParty_ImGui.vcxproj", "{AA4896E5-C8FB-4EAD-8758-8B9DD9EA5FA2}"
EndProject
Project("{8BC9CEB8-8B4A-11D0-8D11-00A0C91BC942}") = "VirtualMachine", "VirtualMachine.vcxproj", "{E65207DC-68AA-4E40-8963-EED10B76F998}"
EndProject
Project("{8BC9CEB8-8B4A-11D0-8D11-00A0C91BC942}") = "Compiler", "Compiler.vcxproj", "{1865A039-6A8C-4D86-9CB2-66A0AE264DC0}"
EndProject
Global
	GlobalSection(SolutionConfigurationPlatforms) = preSolution
		Debug|x64 = Debug|x64
		Debug|x86 = Debug|x86
		Release|x64 = Release|x64
		Release|x86 = Release|x86
	EndGlobalSection
	GlobalSection(ProjectConfigurationPlatforms) = postSolution
		{416FABE9-C680-416E-ACDE-48DABA136569}.Debug|x64.ActiveCfg = Debug|x64
		{416FABE9-C680-416E-ACDE-48DABA136569}.Debug|x64.Build.0 = Debug|x64
		{416FABE9-C680-416E-ACDE-48DABA136569}.Debug|x86.ActiveCfg = Debug|Win32
		{416FABE9-C680-416E-ACDE-48DABA136569}.Debug|x86.Build.0 = Debug|Win32
		{416FABE9-C680-416E-ACDE-48DABA136569}.Release|x64.ActiveCfg = Release|x64
		{416FABE9-C680-416E-ACDE-48DABA136569}.Release|x64.Build.0 = Release|x64
		{416FABE9-C680-416E-ACDE-48DABA136569}.Release|x86.ActiveCfg = Release|Win32
		{416FABE9-C680-416E-ACDE-48DABA136569}.Release|x86.Build.0 = Release|Win32
		{54BC4B7A-C085-4715-939F-157894EEA32C}.Debug|x64.ActiveCfg = Debug|x64
		{54BC4B7A-C085-4715-939F-157894EEA32C}.Debug|x64.Build.0 = Debug|x64
		{54BC4B7A-C085-4715-939F-157894EEA32C}.Debug|x86.ActiveCfg = Debug|Win32
		{54BC4B7A-C085-4715-939F-157894EEA32C}.Debug|x86.Build.0 = Debug|Win32
		{54BC4B7A-C085-4715-939F-157894EEA32C}.Release|x64.ActiveCfg = Release|x64
		{54BC4B7A-C085-4715-939F-157894EEA32C}.Release|x64.Build.0 = Release|x64
		{54BC4B7A-C085-4715-939F-157894EEA32C}.Release|x86.ActiveCfg = Release|Win32
		{54BC4B7A-C085-4715-939F-157894EEA32C}.Release|x86.Build.0 = Release|Win32
		{AA4896E5-C8FB-4EAD-8758-8B9DD9EA5FA2}.Debug|x64.ActiveCfg = Debug|x64
		{AA4896E5-C8FB-4EAD-8758-8B9DD9EA5FA2}.Debug|x64.Build.0 = Debug|x64
		{AA4896E5-C8FB-4EAD-8758-8B9DD9EA5FA2}.Debug|x86.ActiveCfg = Debug|Win32
		{AA4896E5-C8FB-4EAD-8758-8B9DD9EA5FA2}.Debug|x86.Build.0 = Debug|Win32
		{AA4896E5-C8FB-4EAD-8758-8B9DD9EA5FA2}.Release|x64.ActiveCfg = Release|x64
		{AA4896E5-C8FB-4EAD-8758-8B9DD9EA5FA2}.Release|x64.Build.0 = Release|x64
		{AA4896E5-C8FB-4EAD-8758-8B9DD9EA5FA2}.Release|x86.ActiveCfg = Release|Win32
		{AA4896E5-C8FB-4EAD-8758-8B9DD9EA5FA2}.Release|x86.Build.0 = Release|Win32
		{E65207DC-68AA-4E40-8963-EED10B76F998}.Debug|x64.ActiveCfg = Debug|x64
		{E65207DC-68AA-4E40-8963-EED10B76F998}.Debug|x64.Build.0 = Debug|x64
		{E65207DC-68AA-4E40-8963-EED10B76F998}.Debug|x86.ActiveCfg = Debug|Win32
		{E65207DC-68AA-4E40-8963-EED10B76F998}.Debug|x86.Build.0 = Debug|Win32
		{E65207DC-68AA-4E40-8963-EED10B76F998}.Release|x64.ActiveCfg = Release|x64
		{E65207DC-68AA-4E40-8963-EED10B76F998}.Release|x64.Build.0 = Release|x64
		{E65207DC-68AA-4E40-8963-EED10B76F998}.Release|x86.ActiveCfg = Release|Win32
		{E65207DC-68AA-4E40-8963-EED10B76F998}.Release|x86.Build.0 = Release|Win32
		{1865A039-6A8C-4D86-9CB2-66A0AE264DC0}.Debug|x64.ActiveCfg = Debug|x64
		{1865A039-6A8C-4D86-9CB2-66A0AE264DC0}.Debug|x64.Build.0 = Debug|x64
		{1865A039-6A8C-4D86-9CB2-66A0AE264DC0}.Debug|x86.ActiveCfg = Debug|Win32
		{1865A039-6A8C-4D86-9CB2-66A0AE264DC0}.Debug|x86.Build.0 = Debug|Win32
		{1865A039-6A8C-4D86-9CB2-66A0AE264DC0}.Release|x64.ActiveCfg = Release|x64
		{1865A039-6A8C-4D86-9CB2-66A0AE264DC0}.Release|x64.Build.0 = Release|x64
		{1865A039-6A8C-4D86-9CB2-66A0AE264DC0}.Release|x86.ActiveCfg = Release|Win32
		{1865A039-6A8C-4D86-9CB2-66A0AE264DC0}.Release|x86.Build.0 = Release|Win32
	EndGlobalSection
	GlobalSection(SolutionProperties) = preSolution
		HideSolutionNode = FALSE
	EndGlobalSection
	GlobalSection(ExtensibilityGlobals) = postSolution
		SolutionGuid = {35355835-CF33-44F3-A8F8-4CB3F022A11E}
	EndGlobalSection
EndGlobal
